
Microsoft Visual Studio Solution File, Format Version 12.00
# Visual Studio Version 17
VisualStudioVersion = 17.0.31903.59
MinimumVisualStudioVersion = 10.0.40219.1
Project("{2150E333-8FDC-42A3-9474-1A3956D46DE8}") = "src", "src", "{D3AD0567-F119-4FB6-A54F-73DF14C066EC}"
EndProject
Project("{9A19103F-16F7-4668-BE54-9A1E7A4F7556}") = "LibraryOfBooks.Dataccess", "src\LibraryOfBooks.DataAccess\LibraryOfBooks.Dataccess.csproj", "{C153A414-7B85-4A34-A8AE-70DEED504168}"
EndProject
Project("{9A19103F-16F7-4668-BE54-9A1E7A4F7556}") = "LibraryOfBooks.Domain", "src\LibraryOfBooks.Domain\LibraryOfBooks.Domain.csproj", "{41F492F9-E065-4D89-B809-EDCD704BB2BE}"
EndProject
Project("{9A19103F-16F7-4668-BE54-9A1E7A4F7556}") = "LibraryOfBooks.Service", "src\LibraryOfBooks.Service\LibraryOfBooks.Service.csproj", "{C7B11AB6-C0C9-41CF-83FF-E4A6332A33F4}"
EndProject
Project("{9A19103F-16F7-4668-BE54-9A1E7A4F7556}") = "LibraryOfBooks.WebApi", "src\LibraryOfBooks.WebApi\LibraryOfBooks.WebApi.csproj", "{FD415220-653F-4905-86F9-443EB73932D4}"
EndProject
Project("{2150E333-8FDC-42A3-9474-1A3956D46DE8}") = "web", "web", "{B899287B-AD1F-4AD7-BF51-B7FBF7CF2ED9}"
EndProject
Project("{9A19103F-16F7-4668-BE54-9A1E7A4F7556}") = "LibraryOfBooks.Web", "web\LibraryOfBooks.Web\LibraryOfBooks.Web.csproj", "{BCFF6645-D8B1-4A85-921F-B7DE8F6D9F62}"
EndProject
Project("{2150E333-8FDC-42A3-9474-1A3956D46DE8}") = "test", "test", "{4C96CEDB-33A3-49B3-8AF5-17ED3F676F70}"
EndProject
Project("{9A19103F-16F7-4668-BE54-9A1E7A4F7556}") = "LibraryOfBooks.UnitTest", "test\LibraryOfBooks.UnitTest\LibraryOfBooks.UnitTest.csproj", "{CDBBFEC0-857E-4AF8-B5F2-D44B79FB7EDB}"
EndProject
Project("{E53339B2-1760-4266-BCC7-CA923CBCF16C}") = "docker-compose", "docker-compose.dcproj", "{DE22F778-56AB-4BB7-8B53-2611BC8B2BD3}"
EndProject
Global
	GlobalSection(SolutionConfigurationPlatforms) = preSolution
		Debug|Any CPU = Debug|Any CPU
		Release|Any CPU = Release|Any CPU
	EndGlobalSection
	GlobalSection(ProjectConfigurationPlatforms) = postSolution
		{C153A414-7B85-4A34-A8AE-70DEED504168}.Debug|Any CPU.ActiveCfg = Debug|Any CPU
		{C153A414-7B85-4A34-A8AE-70DEED504168}.Debug|Any CPU.Build.0 = Debug|Any CPU
		{C153A414-7B85-4A34-A8AE-70DEED504168}.Release|Any CPU.ActiveCfg = Release|Any CPU
		{C153A414-7B85-4A34-A8AE-70DEED504168}.Release|Any CPU.Build.0 = Release|Any CPU
		{41F492F9-E065-4D89-B809-EDCD704BB2BE}.Debug|Any CPU.ActiveCfg = Debug|Any CPU
		{41F492F9-E065-4D89-B809-EDCD704BB2BE}.Debug|Any CPU.Build.0 = Debug|Any CPU
		{41F492F9-E065-4D89-B809-EDCD704BB2BE}.Release|Any CPU.ActiveCfg = Release|Any CPU
		{41F492F9-E065-4D89-B809-EDCD704BB2BE}.Release|Any CPU.Build.0 = Release|Any CPU
		{C7B11AB6-C0C9-41CF-83FF-E4A6332A33F4}.Debug|Any CPU.ActiveCfg = Debug|Any CPU
		{C7B11AB6-C0C9-41CF-83FF-E4A6332A33F4}.Debug|Any CPU.Build.0 = Debug|Any CPU
		{C7B11AB6-C0C9-41CF-83FF-E4A6332A33F4}.Release|Any CPU.ActiveCfg = Release|Any CPU
		{C7B11AB6-C0C9-41CF-83FF-E4A6332A33F4}.Release|Any CPU.Build.0 = Release|Any CPU
		{FD415220-653F-4905-86F9-443EB73932D4}.Debug|Any CPU.ActiveCfg = Debug|Any CPU
		{FD415220-653F-4905-86F9-443EB73932D4}.Debug|Any CPU.Build.0 = Debug|Any CPU
		{FD415220-653F-4905-86F9-443EB73932D4}.Release|Any CPU.ActiveCfg = Release|Any CPU
		{FD415220-653F-4905-86F9-443EB73932D4}.Release|Any CPU.Build.0 = Release|Any CPU
		{BCFF6645-D8B1-4A85-921F-B7DE8F6D9F62}.Debug|Any CPU.ActiveCfg = Debug|Any CPU
		{BCFF6645-D8B1-4A85-921F-B7DE8F6D9F62}.Debug|Any CPU.Build.0 = Debug|Any CPU
		{BCFF6645-D8B1-4A85-921F-B7DE8F6D9F62}.Release|Any CPU.ActiveCfg = Release|Any CPU
		{BCFF6645-D8B1-4A85-921F-B7DE8F6D9F62}.Release|Any CPU.Build.0 = Release|Any CPU
		{CDBBFEC0-857E-4AF8-B5F2-D44B79FB7EDB}.Debug|Any CPU.ActiveCfg = Debug|Any CPU
		{CDBBFEC0-857E-4AF8-B5F2-D44B79FB7EDB}.Debug|Any CPU.Build.0 = Debug|Any CPU
		{CDBBFEC0-857E-4AF8-B5F2-D44B79FB7EDB}.Release|Any CPU.ActiveCfg = Release|Any CPU
		{CDBBFEC0-857E-4AF8-B5F2-D44B79FB7EDB}.Release|Any CPU.Build.0 = Release|Any CPU
		{DE22F778-56AB-4BB7-8B53-2611BC8B2BD3}.Debug|Any CPU.ActiveCfg = Debug|Any CPU
		{DE22F778-56AB-4BB7-8B53-2611BC8B2BD3}.Debug|Any CPU.Build.0 = Debug|Any CPU
		{DE22F778-56AB-4BB7-8B53-2611BC8B2BD3}.Release|Any CPU.ActiveCfg = Release|Any CPU
		{DE22F778-56AB-4BB7-8B53-2611BC8B2BD3}.Release|Any CPU.Build.0 = Release|Any CPU
	EndGlobalSection
	GlobalSection(SolutionProperties) = preSolution
		HideSolutionNode = FALSE
	EndGlobalSection
	GlobalSection(NestedProjects) = preSolution
		{C153A414-7B85-4A34-A8AE-70DEED504168} = {D3AD0567-F119-4FB6-A54F-73DF14C066EC}
		{41F492F9-E065-4D89-B809-EDCD704BB2BE} = {D3AD0567-F119-4FB6-A54F-73DF14C066EC}
		{C7B11AB6-C0C9-41CF-83FF-E4A6332A33F4} = {D3AD0567-F119-4FB6-A54F-73DF14C066EC}
		{FD415220-653F-4905-86F9-443EB73932D4} = {D3AD0567-F119-4FB6-A54F-73DF14C066EC}
		{BCFF6645-D8B1-4A85-921F-B7DE8F6D9F62} = {B899287B-AD1F-4AD7-BF51-B7FBF7CF2ED9}
		{CDBBFEC0-857E-4AF8-B5F2-D44B79FB7EDB} = {4C96CEDB-33A3-49B3-8AF5-17ED3F676F70}
	EndGlobalSection
	GlobalSection(ExtensibilityGlobals) = postSolution
		SolutionGuid = {C63069F1-E27E-40D1-8E27-1259A087A508}
	EndGlobalSection
EndGlobal
